
Microsoft Visual Studio Solution File, Format Version 12.00
# Visual Studio Version 17
VisualStudioVersion = 17.11.35312.102
MinimumVisualStudioVersion = 10.0.40219.1
Project("{FAE04EC0-301F-11D3-BF4B-00C04F79EFBC}") = "3Erronka", "3Erronka\3Erronka.csproj", "{38DF5D91-31DE-4E79-A581-1E6B8E840072}"
EndProject
Global
	GlobalSection(SolutionConfigurationPlatforms) = preSolution
		Debug|Any CPU = Debug|Any CPU
		Release|Any CPU = Release|Any CPU
	EndGlobalSection
	GlobalSection(ProjectConfigurationPlatforms) = postSolution
		{38DF5D91-31DE-4E79-A581-1E6B8E840072}.Debug|Any CPU.ActiveCfg = Debug|Any CPU
		{38DF5D91-31DE-4E79-A581-1E6B8E840072}.Debug|Any CPU.Build.0 = Debug|Any CPU
		{38DF5D91-31DE-4E79-A581-1E6B8E840072}.Release|Any CPU.ActiveCfg = Release|Any CPU
		{38DF5D91-31DE-4E79-A581-1E6B8E840072}.Release|Any CPU.Build.0 = Release|Any CPU
	EndGlobalSection
	GlobalSection(SolutionProperties) = preSolution
		HideSolutionNode = FALSE
	EndGlobalSection
	GlobalSection(ExtensibilityGlobals) = postSolution
		SolutionGuid = {40370EE8-D262-4F12-AE52-BC1DEF182353}
	EndGlobalSection
EndGlobal
